
Microsoft Visual Studio Solution File, Format Version 12.00
# Visual Studio Version 17
VisualStudioVersion = 17.11.35219.272
MinimumVisualStudioVersion = 10.0.40219.1
Project("{9A19103F-16F7-4668-BE54-9A1E7A4F7556}") = "ServerMonitoringSystem", "ServerMonitoringSystem\ServerMonitoringSystem.csproj", "{7BE5F532-7055-4B14-A16F-5822D7A398DD}"
EndProject
Global
	GlobalSection(SolutionConfigurationPlatforms) = preSolution
		Debug|Any CPU = Debug|Any CPU
		Release|Any CPU = Release|Any CPU
	EndGlobalSection
	GlobalSection(ProjectConfigurationPlatforms) = postSolution
		{7BE5F532-7055-4B14-A16F-5822D7A398DD}.Debug|Any CPU.ActiveCfg = Debug|Any CPU
		{7BE5F532-7055-4B14-A16F-5822D7A398DD}.Debug|Any CPU.Build.0 = Debug|Any CPU
		{7BE5F532-7055-4B14-A16F-5822D7A398DD}.Release|Any CPU.ActiveCfg = Release|Any CPU
		{7BE5F532-7055-4B14-A16F-5822D7A398DD}.Release|Any CPU.Build.0 = Release|Any CPU
	EndGlobalSection
	GlobalSection(SolutionProperties) = preSolution
		HideSolutionNode = FALSE
	EndGlobalSection
	GlobalSection(ExtensibilityGlobals) = postSolution
		SolutionGuid = {2BADF3B4-304F-4378-9878-DA7D673E8416}
	EndGlobalSection
EndGlobal
